// !$*UTF8*$!
{
	archiveVersion = 1;
	classes = {
	};
	objectVersion = 46;
	objects = {

/* Begin PBXBuildFile section */
		7E4FC9ED1CCB2EF7008BDCF5 /* PS10P4.cpp in Sources */ = {isa = PBXBuildFile; fileRef = 7E4FC9EC1CCB2EF7008BDCF5 /* PS10P4.cpp */; };
/* End PBXBuildFile section */

/* Begin PBXCopyFilesBuildPhase section */
		7E4FC9E71CCB2EF7008BDCF5 /* CopyFiles */ = {
			isa = PBXCopyFilesBuildPhase;
			buildActionMask = 2147483647;
			dstPath = /usr/share/man/man1/;
			dstSubfolderSpec = 0;
			files = (
			);
			runOnlyForDeploymentPostprocessing = 1;
		};
/* End PBXCopyFilesBuildPhase section */

/* Begin PBXFileReference section */
		7E4FC9E91CCB2EF7008BDCF5 /* PS10P4 */ = {isa = PBXFileReference; explicitFileType = "compiled.mach-o.executable"; includeInIndex = 0; path = PS10P4; sourceTree = BUILT_PRODUCTS_DIR; };
		7E4FC9EC1CCB2EF7008BDCF5 /* PS10P4.cpp */ = {isa = PBXFileReference; lastKnownFileType = sourcecode.cpp.cpp; path = PS10P4.cpp; sourceTree = "<group>"; };
/* End PBXFileReference section */

/* Begin PBXFrameworksBuildPhase section */
		7E4FC9E61CCB2EF7008BDCF5 /* Frameworks */ = {
			isa = PBXFrameworksBuildPhase;
			buildActionMask = 2147483647;
			files = (
			);
			runOnlyForDeploymentPostprocessing = 0;
		};
/* End PBXFrameworksBuildPhase section */

/* Begin PBXGroup section */
		7E4FC9E01CCB2EF7008BDCF5 = {
			isa = PBXGroup;
			children = (
				7E4FC9EB1CCB2EF7008BDCF5 /* PS10P4 */,
				7E4FC9EA1CCB2EF7008BDCF5 /* Products */,
			);
			sourceTree = "<group>";
		};
		7E4FC9EA1CCB2EF7008BDCF5 /* Products */ = {
			isa = PBXGroup;
			children = (
				7E4FC9E91CCB2EF7008BDCF5 /* PS10P4 */,
			);
			name = Products;
			sourceTree = "<group>";
		};
		7E4FC9EB1CCB2EF7008BDCF5 /* PS10P4 */ = {
			isa = PBXGroup;
			children = (
				7E4FC9EC1CCB2EF7008BDCF5 /* PS10P4.cpp */,
			);
			path = PS10P4;
			sourceTree = "<group>";
		};
/* End PBXGroup section */

/* Begin PBXNativeTarget section */
		7E4FC9E81CCB2EF7008BDCF5 /* PS10P4 */ = {
			isa = PBXNativeTarget;
			buildConfigurationList = 7E4FC9F01CCB2EF7008BDCF5 /* Build configuration list for PBXNativeTarget "PS10P4" */;
			buildPhases = (
				7E4FC9E51CCB2EF7008BDCF5 /* Sources */,
				7E4FC9E61CCB2EF7008BDCF5 /* Frameworks */,
				7E4FC9E71CCB2EF7008BDCF5 /* CopyFiles */,
			);
			buildRules = (
			);
			dependencies = (
			);
			name = PS10P4;
			productName = PS10P4;
			productReference = 7E4FC9E91CCB2EF7008BDCF5 /* PS10P4 */;
			productType = "com.apple.product-type.tool";
		};
/* End PBXNativeTarget section */

/* Begin PBXProject section */
		7E4FC9E11CCB2EF7008BDCF5 /* Project object */ = {
			isa = PBXProject;
			attributes = {
				LastUpgradeCheck = 0730;
				ORGANIZATIONNAME = "Guadalupe Gonzalez";
				TargetAttributes = {
					7E4FC9E81CCB2EF7008BDCF5 = {
						CreatedOnToolsVersion = 7.3;
					};
				};
			};
			buildConfigurationList = 7E4FC9E41CCB2EF7008BDCF5 /* Build configuration list for PBXProject "PS10P4" */;
			compatibilityVersion = "Xcode 3.2";
			developmentRegion = English;
			hasScannedForEncodings = 0;
			knownRegions = (
				en,
			);
			mainGroup = 7E4FC9E01CCB2EF7008BDCF5;
			productRefGroup = 7E4FC9EA1CCB2EF7008BDCF5 /* Products */;
			projectDirPath = "";
			projectRoot = "";
			targets = (
				7E4FC9E81CCB2EF7008BDCF5 /* PS10P4 */,
			);
		};
/* End PBXProject section */

/* Begin PBXSourcesBuildPhase section */
		7E4FC9E51CCB2EF7008BDCF5 /* Sources */ = {
			isa = PBXSourcesBuildPhase;
			buildActionMask = 2147483647;
			files = (
				7E4FC9ED1CCB2EF7008BDCF5 /* PS10P4.cpp in Sources */,
			);
			runOnlyForDeploymentPostprocessing = 0;
		};
/* End PBXSourcesBuildPhase section */

/* Begin XCBuildConfiguration section */
		7E4FC9EE1CCB2EF7008BDCF5 /* Debug */ = {
			isa = XCBuildConfiguration;
			buildSettings = {
				ALWAYS_SEARCH_USER_PATHS = NO;
				CLANG_ANALYZER_NONNULL = YES;
				CLANG_CXX_LANGUAGE_STANDARD = "gnu++0x";
				CLANG_CXX_LIBRARY = "libc++";
				CLANG_ENABLE_MODULES = YES;
				CLANG_ENABLE_OBJC_ARC = YES;
				CLANG_WARN_BOOL_CONVERSION = YES;
				CLANG_WARN_CONSTANT_CONVERSION = YES;
				CLANG_WARN_DIRECT_OBJC_ISA_USAGE = YES_ERROR;
				CLANG_WARN_EMPTY_BODY = YES;
				CLANG_WARN_ENUM_CONVERSION = YES;
				CLANG_WARN_INT_CONVERSION = YES;
				CLANG_WARN_OBJC_ROOT_CLASS = YES_ERROR;
				CLANG_WARN_UNREACHABLE_CODE = YES;
				CLANG_WARN__DUPLICATE_METHOD_MATCH = YES;
				CODE_SIGN_IDENTITY = "-";
				COPY_PHASE_STRIP = NO;
				DEBUG_INFORMATION_FORMAT = dwarf;
				ENABLE_STRICT_OBJC_MSGSEND = YES;
				ENABLE_TESTABILITY = YES;
				GCC_C_LANGUAGE_STANDARD = gnu99;
				GCC_DYNAMIC_NO_PIC = NO;
				GCC_NO_COMMON_BLOCKS = YES;
				GCC_OPTIMIZATION_LEVEL = 0;
				GCC_PREPROCESSOR_DEFINITIONS = (
					"DEBUG=1",
					"$(inherited)",
				);
				GCC_WARN_64_TO_32_BIT_CONVERSION = YES;
				GCC_WARN_ABOUT_RETURN_TYPE = YES_ERROR;
				GCC_WARN_UNDECLARED_SELECTOR = YES;
				GCC_WARN_UNINITIALIZED_AUTOS = YES_AGGRESSIVE;
				GCC_WARN_UNUSED_FUNCTION = YES;
				GCC_WARN_UNUSED_VARIABLE = YES;
				MACOSX_DEPLOYMENT_TARGET = 10.11;
				MTL_ENABLE_DEBUG_INFO = YES;
				ONLY_ACTIVE_ARCH = YES;
				SDKROOT = macosx;
			};
			name = Debug;
		};
		7E4FC9EF1CCB2EF7008BDCF5 /* Release */ = {
			isa = XCBuildConfiguration;
			buildSettings = {
				ALWAYS_SEARCH_USER_PATHS = NO;
				CLANG_ANALYZER_NONNULL = YES;
				CLANG_CXX_LANGUAGE_STANDARD = "gnu++0x";
				CLANG_CXX_LIBRARY = "libc++";
				CLANG_ENABLE_MODULES = YES;
				CLANG_ENABLE_OBJC_ARC = YES;
				CLANG_WARN_BOOL_CONVERSION = YES;
				CLANG_WARN_CONSTANT_CONVERSION = YES;
				CLANG_WARN_DIRECT_OBJC_ISA_USAGE = YES_ERROR;
				CLANG_WARN_EMPTY_BODY = YES;
				CLANG_WARN_ENUM_CONVERSION = YES;
				CLANG_WARN_INT_CONVERSION = YES;
				CLANG_WARN_OBJC_ROOT_CLASS = YES_ERROR;
				CLANG_WARN_UNREACHABLE_CODE = YES;
				CLANG_WARN__DUPLICATE_METHOD_MATCH = YES;
				CODE_SIGN_IDENTITY = "-";
				COPY_PHASE_STRIP = NO;
				DEBUG_INFORMATION_FORMAT = "dwarf-with-dsym";
				ENABLE_NS_ASSERTIONS = NO;
				ENABLE_STRICT_OBJC_MSGSEND = YES;
				GCC_C_LANGUAGE_STANDARD = gnu99;
				GCC_NO_COMMON_BLOCKS = YES;
				GCC_WARN_64_TO_32_BIT_CONVERSION = YES;
				GCC_WARN_ABOUT_RETURN_TYPE = YES_ERROR;
				GCC_WARN_UNDECLARED_SELECTOR = YES;
				GCC_WARN_UNINITIALIZED_AUTOS = YES_AGGRESSIVE;
				GCC_WARN_UNUSED_FUNCTION = YES;
				GCC_WARN_UNUSED_VARIABLE = YES;
				MACOSX_DEPLOYMENT_TARGET = 10.11;
				MTL_ENABLE_DEBUG_INFO = NO;
				SDKROOT = macosx;
			};
			name = Release;
		};
		7E4FC9F11CCB2EF7008BDCF5 /* Debug */ = {
			isa = XCBuildConfiguration;
			buildSettings = {
				PRODUCT_NAME = "$(TARGET_NAME)";
			};
			name = Debug;
		};
		7E4FC9F21CCB2EF7008BDCF5 /* Release */ = {
			isa = XCBuildConfiguration;
			buildSettings = {
				PRODUCT_NAME = "$(TARGET_NAME)";
			};
			name = Release;
		};
/* End XCBuildConfiguration section */

/* Begin XCConfigurationList section */
		7E4FC9E41CCB2EF7008BDCF5 /* Build configuration list for PBXProject "PS10P4" */ = {
			isa = XCConfigurationList;
			buildConfigurations = (
				7E4FC9EE1CCB2EF7008BDCF5 /* Debug */,
				7E4FC9EF1CCB2EF7008BDCF5 /* Release */,
			);
			defaultConfigurationIsVisible = 0;
			defaultConfigurationName = Release;
		};
		7E4FC9F01CCB2EF7008BDCF5 /* Build configuration list for PBXNativeTarget "PS10P4" */ = {
			isa = XCConfigurationList;
			buildConfigurations = (
				7E4FC9F11CCB2EF7008BDCF5 /* Debug */,
				7E4FC9F21CCB2EF7008BDCF5 /* Release */,
			);
			defaultConfigurationIsVisible = 0;
		};
/* End XCConfigurationList section */
	};
	rootObject = 7E4FC9E11CCB2EF7008BDCF5 /* Project object */;
}
