// !$*UTF8*$!
{
	archiveVersion = 1;
	classes = {
	};
	objectVersion = 46;
	objects = {

/* Begin PBXBuildFile section */
		7E0D1DC41C65924900AFF77D /* ps2pr3.cpp in Sources */ = {isa = PBXBuildFile; fileRef = 7E0D1DC31C65924900AFF77D /* ps2pr3.cpp */; };
/* End PBXBuildFile section */

/* Begin PBXCopyFilesBuildPhase section */
		7E0D1DBE1C65924900AFF77D /* CopyFiles */ = {
			isa = PBXCopyFilesBuildPhase;
			buildActionMask = 2147483647;
			dstPath = /usr/share/man/man1/;
			dstSubfolderSpec = 0;
			files = (
			);
			runOnlyForDeploymentPostprocessing = 1;
		};
/* End PBXCopyFilesBuildPhase section */

/* Begin PBXFileReference section */
		7E0D1DC01C65924900AFF77D /* ps2pr3 */ = {isa = PBXFileReference; explicitFileType = "compiled.mach-o.executable"; includeInIndex = 0; path = ps2pr3; sourceTree = BUILT_PRODUCTS_DIR; };
		7E0D1DC31C65924900AFF77D /* ps2pr3.cpp */ = {isa = PBXFileReference; lastKnownFileType = sourcecode.cpp.cpp; path = ps2pr3.cpp; sourceTree = "<group>"; };
/* End PBXFileReference section */

/* Begin PBXFrameworksBuildPhase section */
		7E0D1DBD1C65924900AFF77D /* Frameworks */ = {
			isa = PBXFrameworksBuildPhase;
			buildActionMask = 2147483647;
			files = (
			);
			runOnlyForDeploymentPostprocessing = 0;
		};
/* End PBXFrameworksBuildPhase section */

/* Begin PBXGroup section */
		7E0D1DB71C65924900AFF77D = {
			isa = PBXGroup;
			children = (
				7E0D1DC21C65924900AFF77D /* ps2pr3 */,
				7E0D1DC11C65924900AFF77D /* Products */,
			);
			sourceTree = "<group>";
		};
		7E0D1DC11C65924900AFF77D /* Products */ = {
			isa = PBXGroup;
			children = (
				7E0D1DC01C65924900AFF77D /* ps2pr3 */,
			);
			name = Products;
			sourceTree = "<group>";
		};
		7E0D1DC21C65924900AFF77D /* ps2pr3 */ = {
			isa = PBXGroup;
			children = (
				7E0D1DC31C65924900AFF77D /* ps2pr3.cpp */,
			);
			path = ps2pr3;
			sourceTree = "<group>";
		};
/* End PBXGroup section */

/* Begin PBXNativeTarget section */
		7E0D1DBF1C65924900AFF77D /* ps2pr3 */ = {
			isa = PBXNativeTarget;
			buildConfigurationList = 7E0D1DC71C65924900AFF77D /* Build configuration list for PBXNativeTarget "ps2pr3" */;
			buildPhases = (
				7E0D1DBC1C65924900AFF77D /* Sources */,
				7E0D1DBD1C65924900AFF77D /* Frameworks */,
				7E0D1DBE1C65924900AFF77D /* CopyFiles */,
			);
			buildRules = (
			);
			dependencies = (
			);
			name = ps2pr3;
			productName = ps2pr3;
			productReference = 7E0D1DC01C65924900AFF77D /* ps2pr3 */;
			productType = "com.apple.product-type.tool";
		};
/* End PBXNativeTarget section */

/* Begin PBXProject section */
		7E0D1DB81C65924900AFF77D /* Project object */ = {
			isa = PBXProject;
			attributes = {
				LastUpgradeCheck = 0720;
				ORGANIZATIONNAME = "Guadalupe Gonzalez";
				TargetAttributes = {
					7E0D1DBF1C65924900AFF77D = {
						CreatedOnToolsVersion = 7.2.1;
					};
				};
			};
			buildConfigurationList = 7E0D1DBB1C65924900AFF77D /* Build configuration list for PBXProject "ps2pr3" */;
			compatibilityVersion = "Xcode 3.2";
			developmentRegion = English;
			hasScannedForEncodings = 0;
			knownRegions = (
				en,
			);
			mainGroup = 7E0D1DB71C65924900AFF77D;
			productRefGroup = 7E0D1DC11C65924900AFF77D /* Products */;
			projectDirPath = "";
			projectRoot = "";
			targets = (
				7E0D1DBF1C65924900AFF77D /* ps2pr3 */,
			);
		};
/* End PBXProject section */

/* Begin PBXSourcesBuildPhase section */
		7E0D1DBC1C65924900AFF77D /* Sources */ = {
			isa = PBXSourcesBuildPhase;
			buildActionMask = 2147483647;
			files = (
				7E0D1DC41C65924900AFF77D /* ps2pr3.cpp in Sources */,
			);
			runOnlyForDeploymentPostprocessing = 0;
		};
/* End PBXSourcesBuildPhase section */

/* Begin XCBuildConfiguration section */
		7E0D1DC51C65924900AFF77D /* Debug */ = {
			isa = XCBuildConfiguration;
			buildSettings = {
				ALWAYS_SEARCH_USER_PATHS = NO;
				CLANG_CXX_LANGUAGE_STANDARD = "gnu++0x";
				CLANG_CXX_LIBRARY = "libc++";
				CLANG_ENABLE_MODULES = YES;
				CLANG_ENABLE_OBJC_ARC = YES;
				CLANG_WARN_BOOL_CONVERSION = YES;
				CLANG_WARN_CONSTANT_CONVERSION = YES;
				CLANG_WARN_DIRECT_OBJC_ISA_USAGE = YES_ERROR;
				CLANG_WARN_EMPTY_BODY = YES;
				CLANG_WARN_ENUM_CONVERSION = YES;
				CLANG_WARN_INT_CONVERSION = YES;
				CLANG_WARN_OBJC_ROOT_CLASS = YES_ERROR;
				CLANG_WARN_UNREACHABLE_CODE = YES;
				CLANG_WARN__DUPLICATE_METHOD_MATCH = YES;
				CODE_SIGN_IDENTITY = "-";
				COPY_PHASE_STRIP = NO;
				DEBUG_INFORMATION_FORMAT = dwarf;
				ENABLE_STRICT_OBJC_MSGSEND = YES;
				ENABLE_TESTABILITY = YES;
				GCC_C_LANGUAGE_STANDARD = gnu99;
				GCC_DYNAMIC_NO_PIC = NO;
				GCC_NO_COMMON_BLOCKS = YES;
				GCC_OPTIMIZATION_LEVEL = 0;
				GCC_PREPROCESSOR_DEFINITIONS = (
					"DEBUG=1",
					"$(inherited)",
				);
				GCC_WARN_64_TO_32_BIT_CONVERSION = YES;
				GCC_WARN_ABOUT_RETURN_TYPE = YES_ERROR;
				GCC_WARN_UNDECLARED_SELECTOR = YES;
				GCC_WARN_UNINITIALIZED_AUTOS = YES_AGGRESSIVE;
				GCC_WARN_UNUSED_FUNCTION = YES;
				GCC_WARN_UNUSED_VARIABLE = YES;
				MACOSX_DEPLOYMENT_TARGET = 10.11;
				MTL_ENABLE_DEBUG_INFO = YES;
				ONLY_ACTIVE_ARCH = YES;
				SDKROOT = macosx;
			};
			name = Debug;
		};
		7E0D1DC61C65924900AFF77D /* Release */ = {
			isa = XCBuildConfiguration;
			buildSettings = {
				ALWAYS_SEARCH_USER_PATHS = NO;
				CLANG_CXX_LANGUAGE_STANDARD = "gnu++0x";
				CLANG_CXX_LIBRARY = "libc++";
				CLANG_ENABLE_MODULES = YES;
				CLANG_ENABLE_OBJC_ARC = YES;
				CLANG_WARN_BOOL_CONVERSION = YES;
				CLANG_WARN_CONSTANT_CONVERSION = YES;
				CLANG_WARN_DIRECT_OBJC_ISA_USAGE = YES_ERROR;
				CLANG_WARN_EMPTY_BODY = YES;
				CLANG_WARN_ENUM_CONVERSION = YES;
				CLANG_WARN_INT_CONVERSION = YES;
				CLANG_WARN_OBJC_ROOT_CLASS = YES_ERROR;
				CLANG_WARN_UNREACHABLE_CODE = YES;
				CLANG_WARN__DUPLICATE_METHOD_MATCH = YES;
				CODE_SIGN_IDENTITY = "-";
				COPY_PHASE_STRIP = NO;
				DEBUG_INFORMATION_FORMAT = "dwarf-with-dsym";
				ENABLE_NS_ASSERTIONS = NO;
				ENABLE_STRICT_OBJC_MSGSEND = YES;
				GCC_C_LANGUAGE_STANDARD = gnu99;
				GCC_NO_COMMON_BLOCKS = YES;
				GCC_WARN_64_TO_32_BIT_CONVERSION = YES;
				GCC_WARN_ABOUT_RETURN_TYPE = YES_ERROR;
				GCC_WARN_UNDECLARED_SELECTOR = YES;
				GCC_WARN_UNINITIALIZED_AUTOS = YES_AGGRESSIVE;
				GCC_WARN_UNUSED_FUNCTION = YES;
				GCC_WARN_UNUSED_VARIABLE = YES;
				MACOSX_DEPLOYMENT_TARGET = 10.11;
				MTL_ENABLE_DEBUG_INFO = NO;
				SDKROOT = macosx;
			};
			name = Release;
		};
		7E0D1DC81C65924900AFF77D /* Debug */ = {
			isa = XCBuildConfiguration;
			buildSettings = {
				PRODUCT_NAME = "$(TARGET_NAME)";
			};
			name = Debug;
		};
		7E0D1DC91C65924900AFF77D /* Release */ = {
			isa = XCBuildConfiguration;
			buildSettings = {
				PRODUCT_NAME = "$(TARGET_NAME)";
			};
			name = Release;
		};
/* End XCBuildConfiguration section */

/* Begin XCConfigurationList section */
		7E0D1DBB1C65924900AFF77D /* Build configuration list for PBXProject "ps2pr3" */ = {
			isa = XCConfigurationList;
			buildConfigurations = (
				7E0D1DC51C65924900AFF77D /* Debug */,
				7E0D1DC61C65924900AFF77D /* Release */,
			);
			defaultConfigurationIsVisible = 0;
			defaultConfigurationName = Release;
		};
		7E0D1DC71C65924900AFF77D /* Build configuration list for PBXNativeTarget "ps2pr3" */ = {
			isa = XCConfigurationList;
			buildConfigurations = (
				7E0D1DC81C65924900AFF77D /* Debug */,
				7E0D1DC91C65924900AFF77D /* Release */,
			);
			defaultConfigurationIsVisible = 0;
		};
/* End XCConfigurationList section */
	};
	rootObject = 7E0D1DB81C65924900AFF77D /* Project object */;
}
